dependencies:
- name: common
  repository: https://charts.bitnami.com/bitnami
  version: 1.17.1
- name: mongodb
  repository: https://charts.bitnami.com/bitnami
  version: 18.1.10
digest: sha256:4f2fbc1fe5f47578c1814d74ce080fe6c513eb00cfdfbb9785c59eedcb23d1d8
generated: "2025-11-30T18:51:42.845796467Z"
