dependencies:
- name: common
  repository: https://charts.bitnami.com/bitnami
  version: 1.9.0
- name: postgresql-ha
  repository: https://charts.bitnami.com/bitnami
  version: 7.9.3
digest: sha256:876bdbdb1f2053eec95481724126d871c45845ad892ac315368a9535a3793a42
generated: "2021-09-15T22:21:52.19333664+02:00"
