dependencies:
- name: common
  repository: https://charts.bitnami.com/bitnami
  version: 2.21.0
- name: postgresql
  repository: https://charts.bitnami.com/bitnami
  version: 18.5.24
digest: sha256:bbe90992a50bf15775c4d8b304cd763e2e6da534f049b822ad1692ec5b11bc14
generated: "2026-04-17T15:53:51.762656677Z"
