dependencies:
- name: common
  repository: https://charts.bitnami.com/bitnami
  version: 2.21.0
- name: postgresql
  repository: https://charts.bitnami.com/bitnami
  version: 18.1.11
digest: sha256:70280dc942175c00a90882287c7f085f2867b19b5297e3752dff34437ab875d0
generated: "2025-11-20T09:52:56.393372358Z"
