dependencies:
- name: common
  repository: https://charts.bitnami.com/bitnami
  version: 1.8.0
- name: postgresql
  repository: https://charts.bitnami.com/bitnami
  version: 10.9.1
digest: sha256:fc71bae3c96a7db2eddc52410898fb01d09ce2555f3480d673b9b97396163018
generated: "2021-08-06T02:07:08.678726799+02:00"
