dependencies:
- name: common
  repository: https://charts.bitnami.com/bitnami
  version: 1.17.1
- name: mongodb
  repository: https://charts.bitnami.com/bitnami
  version: 16.5.40
digest: sha256:2513b7e540dae4b540363997475d58ee2b2da5495266d518cd03a82b9bb989fb
generated: "2025-08-08T21:46:11.747870692Z"
