dependencies:
- name: common
  repository: https://charts.bitnami.com/bitnami
  version: 1.17.1
- name: mongodb
  repository: https://charts.bitnami.com/bitnami
  version: 13.4.4
digest: sha256:c94f2d70cdc98cea37aa820a5b44f535e5cadceaeb2c5efeae2145c2249ab443
generated: "2022-11-17T08:51:48.133204429+01:00"
