dependencies:
- name: common
  repository: https://charts.bitnami.com/bitnami
  version: 2.31.3
- name: mongodb
  repository: https://charts.bitnami.com/bitnami
  version: 13.18.5
digest: sha256:0a248909f05546bf2cc81963176eaa26608b3589fb0a172651695cac530490b2
generated: "2025-08-02T13:32:02.67448012Z"
