dependencies:
- name: mariadb
  repository: https://charts.bitnami.com/bitnami
  version: 9.8.1
- name: redis
  repository: https://charts.bitnami.com/bitnami
  version: 15.6.4
- name: elasticsearch
  repository: https://charts.bitnami.com/bitnami
  version: 17.5.0
- name: minio
  repository: https://charts.bitnami.com/bitnami
  version: 9.2.5
- name: common
  repository: https://charts.bitnami.com/bitnami
  version: 1.10.3
digest: sha256:7e0de68e41b3e64d716ec0c4c2c14c72f49a73ee79731a41ab2a8db79bc561b9
generated: "2021-12-13T21:42:18.827447663+01:00"
