dependencies:
- name: mariadb
  repository: oci://registry-1.docker.io/bitnamicharts
  version: 27.0.8
- name: common
  repository: oci://registry-1.docker.io/bitnamicharts
  version: 2.21.0
digest: sha256:d2ebd565a8319aedbe5805f9b06750e11c563b0be09ec8a4e514c82ab19d0051
generated: "2026-09-04T02:30:45.638161578Z"
