dependencies:
- name: mariadb
  repository: oci://registry-1.docker.io/bitnamicharts
  version: 11.5.7
- name: common
  repository: oci://registry-1.docker.io/bitnamicharts
  version: 2.39.0
digest: sha256:9aa7f0f14d65bd5ed3a7a96fc4916c3dc9246419c6faa6805cca60893463c7d5
generated: "2026-05-04T19:03:39.827585151Z"
