dependencies:
- name: mariadb
  repository: oci://registry-1.docker.io/bitnamicharts
  version: 11.5.7
- name: common
  repository: oci://registry-1.docker.io/bitnamicharts
  version: 2.38.0
digest: sha256:ac497c07dcabca9074cfe48dc58c43c7360fc8f44ad6d1abc426d0df361bef8d
generated: "2026-03-30T14:36:24.491330493Z"
